
Microsoft Visual Studio Solution File, Format Version 11.00
# Visual Studio 2010
Project("{FAE04EC0-301F-11D3-BF4B-00C04F79EFBC}") = "01.DefineClass", "DefineClass\01.DefineClass.csproj", "{A0A91CC5-2D46-46BE-8C26-240BDFEEBFA6}"
EndProject
Global
	GlobalSection(SolutionConfigurationPlatforms) = preSolution
		Debug|x86 = Debug|x86
		Release|x86 = Release|x86
	EndGlobalSection
	GlobalSection(ProjectConfigurationPlatforms) = postSolution
		{A0A91CC5-2D46-46BE-8C26-240BDFEEBFA6}.Debug|x86.ActiveCfg = Debug|x86
		{A0A91CC5-2D46-46BE-8C26-240BDFEEBFA6}.Debug|x86.Build.0 = Debug|x86
		{A0A91CC5-2D46-46BE-8C26-240BDFEEBFA6}.Release|x86.ActiveCfg = Release|x86
		{A0A91CC5-2D46-46BE-8C26-240BDFEEBFA6}.Release|x86.Build.0 = Release|x86
	EndGlobalSection
	GlobalSection(SolutionProperties) = preSolution
		HideSolutionNode = FALSE
	EndGlobalSection
EndGlobal
